
Microsoft Visual Studio Solution File, Format Version 12.00
# Visual Studio 15
VisualStudioVersion = 15.0.27004.2005
MinimumVisualStudioVersion = 10.0.40219.1
Project("{FAE04EC0-301F-11D3-BF4B-00C04F79EFBC}") = "FirstAngular2Demo", "FirstAngular2Demo\FirstAngular2Demo.csproj", "{F5794717-AFCE-499F-92AC-ABF10BC51151}"
EndProject
Project("{FAE04EC0-301F-11D3-BF4B-00C04F79EFBC}") = "WebApiProject", "WebApiProject\WebApiProject.csproj", "{BE505A9A-E8D5-4BB7-BE5A-1620680F14A7}"
EndProject
Global
	GlobalSection(SolutionConfigurationPlatforms) = preSolution
		Debug|Any CPU = Debug|Any CPU
		Release|Any CPU = Release|Any CPU
	EndGlobalSection
	GlobalSection(ProjectConfigurationPlatforms) = postSolution
		{F5794717-AFCE-499F-92AC-ABF10BC51151}.Debug|Any CPU.ActiveCfg = Debug|Any CPU
		{F5794717-AFCE-499F-92AC-ABF10BC51151}.Debug|Any CPU.Build.0 = Debug|Any CPU
		{F5794717-AFCE-499F-92AC-ABF10BC51151}.Release|Any CPU.ActiveCfg = Release|Any CPU
		{F5794717-AFCE-499F-92AC-ABF10BC51151}.Release|Any CPU.Build.0 = Release|Any CPU
		{BE505A9A-E8D5-4BB7-BE5A-1620680F14A7}.Debug|Any CPU.ActiveCfg = Debug|Any CPU
		{BE505A9A-E8D5-4BB7-BE5A-1620680F14A7}.Debug|Any CPU.Build.0 = Debug|Any CPU
		{BE505A9A-E8D5-4BB7-BE5A-1620680F14A7}.Release|Any CPU.ActiveCfg = Release|Any CPU
		{BE505A9A-E8D5-4BB7-BE5A-1620680F14A7}.Release|Any CPU.Build.0 = Release|Any CPU
	EndGlobalSection
	GlobalSection(SolutionProperties) = preSolution
		HideSolutionNode = FALSE
	EndGlobalSection
	GlobalSection(ExtensibilityGlobals) = postSolution
		SolutionGuid = {65743811-8A03-4A51-8FF8-3E7CB3904D0E}
	EndGlobalSection
EndGlobal
